// !$*UTF8*$!
{
	archiveVersion = 1;
	classes = {
	};
	objectVersion = 56;
	objects = {

/* Begin PBXBuildFile section */
		A56BE09428EBB7B000D298EC /* StoreCategory.swift in Sources */ = {isa = PBXBuildFile; fileRef = A56BE09328EBB7B000D298EC /* StoreCategory.swift */; };
		A586DEC728EB95270006983B /* AppDelegate.swift in Sources */ = {isa = PBXBuildFile; fileRef = A586DEC628EB95270006983B /* AppDelegate.swift */; };
		A586DEC928EB95280006983B /* SceneDelegate.swift in Sources */ = {isa = PBXBuildFile; fileRef = A586DEC828EB95280006983B /* SceneDelegate.swift */; };
		A586DECB28EB95280006983B /* MainViewController.swift in Sources */ = {isa = PBXBuildFile; fileRef = A586DECA28EB95280006983B /* MainViewController.swift */; };
		A586DECE28EB95280006983B /* Main.storyboard in Resources */ = {isa = PBXBuildFile; fileRef = A586DECC28EB95280006983B /* Main.storyboard */; };
		A586DED028EB952C0006983B /* Assets.xcassets in Resources */ = {isa = PBXBuildFile; fileRef = A586DECF28EB952C0006983B /* Assets.xcassets */; };
		A586DED328EB952C0006983B /* LaunchScreen.storyboard in Resources */ = {isa = PBXBuildFile; fileRef = A586DED128EB952C0006983B /* LaunchScreen.storyboard */; };
		A586DEDC28EB9F8B0006983B /* PageVCCollectionViewCell.swift in Sources */ = {isa = PBXBuildFile; fileRef = A586DEDB28EB9F8B0006983B /* PageVCCollectionViewCell.swift */; };
		A586DEDE28EB9FCD0006983B /* LandscapeImageCollectionViewCell.swift in Sources */ = {isa = PBXBuildFile; fileRef = A586DEDD28EB9FCD0006983B /* LandscapeImageCollectionViewCell.swift */; };
		A586DEE028EB9FE00006983B /* SquareImageCollectionViewCell.swift in Sources */ = {isa = PBXBuildFile; fileRef = A586DEDF28EB9FE00006983B /* SquareImageCollectionViewCell.swift */; };
		A586DEE328EBA6950006983B /* SectionHeaderView.swift in Sources */ = {isa = PBXBuildFile; fileRef = A586DEE228EBA6950006983B /* SectionHeaderView.swift */; };
		A586DEE628EBA7330006983B /* Item.swift in Sources */ = {isa = PBXBuildFile; fileRef = A586DEE528EBA7330006983B /* Item.swift */; };
		A5E6EEC628EC9AEC008DF5FA /* PageViewController.swift in Sources */ = {isa = PBXBuildFile; fileRef = A5E6EEC528EC9AEC008DF5FA /* PageViewController.swift */; };
		A5E6EEC828EC9C7C008DF5FA /* ExampleViewController.swift in Sources */ = {isa = PBXBuildFile; fileRef = A5E6EEC728EC9C7C008DF5FA /* ExampleViewController.swift */; };
		A5E6EECA28ECB176008DF5FA /* ContainerCollectionViewCell.swift in Sources */ = {isa = PBXBuildFile; fileRef = A5E6EEC928ECB176008DF5FA /* ContainerCollectionViewCell.swift */; };
		A5E813B028EBAFD900A676C7 /* App.swift in Sources */ = {isa = PBXBuildFile; fileRef = A5E813AF28EBAFD900A676C7 /* App.swift */; };
		A5E813B228EBB02900A676C7 /* UIColor+.swift in Sources */ = {isa = PBXBuildFile; fileRef = A5E813B128EBB02900A676C7 /* UIColor+.swift */; };
/* End PBXBuildFile section */

/* Begin PBXFileReference section */
		A56BE09328EBB7B000D298EC /* StoreCategory.swift */ = {isa = PBXFileReference; lastKnownFileType = sourcecode.swift; path = StoreCategory.swift; sourceTree = "<group>"; };
		A586DEC328EB95270006983B /* YouTubeAPI.app */ = {isa = PBXFileReference; explicitFileType = wrapper.application; includeInIndex = 0; path = YouTubeAPI.app; sourceTree = BUILT_PRODUCTS_DIR; };
		A586DEC628EB95270006983B /* AppDelegate.swift */ = {isa = PBXFileReference; lastKnownFileType = sourcecode.swift; path = AppDelegate.swift; sourceTree = "<group>"; };
		A586DEC828EB95280006983B /* SceneDelegate.swift */ = {isa = PBXFileReference; lastKnownFileType = sourcecode.swift; path = SceneDelegate.swift; sourceTree = "<group>"; };
		A586DECA28EB95280006983B /* MainViewController.swift */ = {isa = PBXFileReference; lastKnownFileType = sourcecode.swift; path = MainViewController.swift; sourceTree = "<group>"; };
		A586DECD28EB95280006983B /* Base */ = {isa = PBXFileReference; lastKnownFileType = file.storyboard; name = Base; path = Base.lproj/Main.storyboard; sourceTree = "<group>"; };
		A586DECF28EB952C0006983B /* Assets.xcassets */ = {isa = PBXFileReference; lastKnownFileType = folder.assetcatalog; path = Assets.xcassets; sourceTree = "<group>"; };
		A586DED228EB952C0006983B /* Base */ = {isa = PBXFileReference; lastKnownFileType = file.storyboard; name = Base; path = Base.lproj/LaunchScreen.storyboard; sourceTree = "<group>"; };
		A586DED428EB952C0006983B /* Info.plist */ = {isa = PBXFileReference; lastKnownFileType = text.plist.xml; path = Info.plist; sourceTree = "<group>"; };
		A586DEDB28EB9F8B0006983B /* PageVCCollectionViewCell.swift */ = {isa = PBXFileReference; lastKnownFileType = sourcecode.swift; path = PageVCCollectionViewCell.swift; sourceTree = "<group>"; };
		A586DEDD28EB9FCD0006983B /* LandscapeImageCollectionViewCell.swift */ = {isa = PBXFileReference; lastKnownFileType = sourcecode.swift; path = LandscapeImageCollectionViewCell.swift; sourceTree = "<group>"; };
		A586DEDF28EB9FE00006983B /* SquareImageCollectionViewCell.swift */ = {isa = PBXFileReference; lastKnownFileType = sourcecode.swift; path = SquareImageCollectionViewCell.swift; sourceTree = "<group>"; };
		A586DEE228EBA6950006983B /* SectionHeaderView.swift */ = {isa = PBXFileReference; lastKnownFileType = sourcecode.swift; path = SectionHeaderView.swift; sourceTree = "<group>"; };
		A586DEE528EBA7330006983B /* Item.swift */ = {isa = PBXFileReference; lastKnownFileType = sourcecode.swift; path = Item.swift; sourceTree = "<group>"; };
		A5E6EEC528EC9AEC008DF5FA /* PageViewController.swift */ = {isa = PBXFileReference; lastKnownFileType = sourcecode.swift; path = PageViewController.swift; sourceTree = "<group>"; };
		A5E6EEC728EC9C7C008DF5FA /* ExampleViewController.swift */ = {isa = PBXFileReference; lastKnownFileType = sourcecode.swift; path = ExampleViewController.swift; sourceTree = "<group>"; };
		A5E6EEC928ECB176008DF5FA /* ContainerCollectionViewCell.swift */ = {isa = PBXFileReference; lastKnownFileType = sourcecode.swift; path = ContainerCollectionViewCell.swift; sourceTree = "<group>"; };
		A5E813AF28EBAFD900A676C7 /* App.swift */ = {isa = PBXFileReference; lastKnownFileType = sourcecode.swift; path = App.swift; sourceTree = "<group>"; };
		A5E813B128EBB02900A676C7 /* UIColor+.swift */ = {isa = PBXFileReference; lastKnownFileType = sourcecode.swift; path = "UIColor+.swift"; sourceTree = "<group>"; };
/* End PBXFileReference section */

/* Begin PBXFrameworksBuildPhase section */
		A586DEC028EB95270006983B /* Frameworks */ = {
			isa = PBXFrameworksBuildPhase;
			buildActionMask = 2147483647;
			files = (
			);
			runOnlyForDeploymentPostprocessing = 0;
		};
/* End PBXFrameworksBuildPhase section */

/* Begin PBXGroup section */
		A586DEBA28EB95270006983B = {
			isa = PBXGroup;
			children = (
				A586DEC528EB95270006983B /* YouTubeAPI */,
				A586DEC428EB95270006983B /* Products */,
			);
			sourceTree = "<group>";
		};
		A586DEC428EB95270006983B /* Products */ = {
			isa = PBXGroup;
			children = (
				A586DEC328EB95270006983B /* YouTubeAPI.app */,
			);
			name = Products;
			sourceTree = "<group>";
		};
		A586DEC528EB95270006983B /* YouTubeAPI */ = {
			isa = PBXGroup;
			children = (
				A586DEC628EB95270006983B /* AppDelegate.swift */,
				A586DEC828EB95280006983B /* SceneDelegate.swift */,
				A586DEDA28EB9F060006983B /* Cells */,
				A586DEE428EBA7060006983B /* Models */,
				A586DEE128EBA6390006983B /* Supplementary Views */,
				A586DECA28EB95280006983B /* MainViewController.swift */,
				A5E6EEC528EC9AEC008DF5FA /* PageViewController.swift */,
				A5E6EEC728EC9C7C008DF5FA /* ExampleViewController.swift */,
				A5E813B128EBB02900A676C7 /* UIColor+.swift */,
				A586DECC28EB95280006983B /* Main.storyboard */,
				A586DECF28EB952C0006983B /* Assets.xcassets */,
				A586DED128EB952C0006983B /* LaunchScreen.storyboard */,
				A586DED428EB952C0006983B /* Info.plist */,
			);
			path = YouTubeAPI;
			sourceTree = "<group>";
		};
		A586DEDA28EB9F060006983B /* Cells */ = {
			isa = PBXGroup;
			children = (
				A586DEDB28EB9F8B0006983B /* PageVCCollectionViewCell.swift */,
				A586DEDD28EB9FCD0006983B /* LandscapeImageCollectionViewCell.swift */,
				A586DEDF28EB9FE00006983B /* SquareImageCollectionViewCell.swift */,
				A5E6EEC928ECB176008DF5FA /* ContainerCollectionViewCell.swift */,
			);
			path = Cells;
			sourceTree = "<group>";
		};
		A586DEE128EBA6390006983B /* Supplementary Views */ = {
			isa = PBXGroup;
			children = (
				A586DEE228EBA6950006983B /* SectionHeaderView.swift */,
			);
			path = "Supplementary Views";
			sourceTree = "<group>";
		};
		A586DEE428EBA7060006983B /* Models */ = {
			isa = PBXGroup;
			children = (
				A586DEE528EBA7330006983B /* Item.swift */,
				A5E813AF28EBAFD900A676C7 /* App.swift */,
				A56BE09328EBB7B000D298EC /* StoreCategory.swift */,
			);
			path = Models;
			sourceTree = "<group>";
		};
/* End PBXGroup section */

/* Begin PBXNativeTarget section */
		A586DEC228EB95270006983B /* YouTubeAPI */ = {
			isa = PBXNativeTarget;
			buildConfigurationList = A586DED728EB952C0006983B /* Build configuration list for PBXNativeTarget "YouTubeAPI" */;
			buildPhases = (
				A586DEBF28EB95270006983B /* Sources */,
				A586DEC028EB95270006983B /* Frameworks */,
				A586DEC128EB95270006983B /* Resources */,
			);
			buildRules = (
			);
			dependencies = (
			);
			name = YouTubeAPI;
			productName = YouTubeAPI;
			productReference = A586DEC328EB95270006983B /* YouTubeAPI.app */;
			productType = "com.apple.product-type.application";
		};
/* End PBXNativeTarget section */

/* Begin PBXProject section */
		A586DEBB28EB95270006983B /* Project object */ = {
			isa = PBXProject;
			attributes = {
				BuildIndependentTargetsInParallel = 1;
				LastSwiftUpdateCheck = 1400;
				LastUpgradeCheck = 1400;
				TargetAttributes = {
					A586DEC228EB95270006983B = {
						CreatedOnToolsVersion = 14.0;
					};
				};
			};
			buildConfigurationList = A586DEBE28EB95270006983B /* Build configuration list for PBXProject "YouTubeAPI" */;
			compatibilityVersion = "Xcode 14.0";
			developmentRegion = en;
			hasScannedForEncodings = 0;
			knownRegions = (
				en,
				Base,
			);
			mainGroup = A586DEBA28EB95270006983B;
			productRefGroup = A586DEC428EB95270006983B /* Products */;
			projectDirPath = "";
			projectRoot = "";
			targets = (
				A586DEC228EB95270006983B /* YouTubeAPI */,
			);
		};
/* End PBXProject section */

/* Begin PBXResourcesBuildPhase section */
		A586DEC128EB95270006983B /* Resources */ = {
			isa = PBXResourcesBuildPhase;
			buildActionMask = 2147483647;
			files = (
				A586DED328EB952C0006983B /* LaunchScreen.storyboard in Resources */,
				A586DED028EB952C0006983B /* Assets.xcassets in Resources */,
				A586DECE28EB95280006983B /* Main.storyboard in Resources */,
			);
			runOnlyForDeploymentPostprocessing = 0;
		};
/* End PBXResourcesBuildPhase section */

/* Begin PBXSourcesBuildPhase section */
		A586DEBF28EB95270006983B /* Sources */ = {
			isa = PBXSourcesBuildPhase;
			buildActionMask = 2147483647;
			files = (
				A5E813B028EBAFD900A676C7 /* App.swift in Sources */,
				A5E6EECA28ECB176008DF5FA /* ContainerCollectionViewCell.swift in Sources */,
				A586DECB28EB95280006983B /* MainViewController.swift in Sources */,
				A586DEC728EB95270006983B /* AppDelegate.swift in Sources */,
				A586DEDC28EB9F8B0006983B /* PageVCCollectionViewCell.swift in Sources */,
				A586DEE028EB9FE00006983B /* SquareImageCollectionViewCell.swift in Sources */,
				A586DEE628EBA7330006983B /* Item.swift in Sources */,
				A586DEE328EBA6950006983B /* SectionHeaderView.swift in Sources */,
				A586DEC928EB95280006983B /* SceneDelegate.swift in Sources */,
				A586DEDE28EB9FCD0006983B /* LandscapeImageCollectionViewCell.swift in Sources */,
				A5E6EEC628EC9AEC008DF5FA /* PageViewController.swift in Sources */,
				A5E6EEC828EC9C7C008DF5FA /* ExampleViewController.swift in Sources */,
				A5E813B228EBB02900A676C7 /* UIColor+.swift in Sources */,
				A56BE09428EBB7B000D298EC /* StoreCategory.swift in Sources */,
			);
			runOnlyForDeploymentPostprocessing = 0;
		};
/* End PBXSourcesBuildPhase section */

/* Begin PBXVariantGroup section */
		A586DECC28EB95280006983B /* Main.storyboard */ = {
			isa = PBXVariantGroup;
			children = (
				A586DECD28EB95280006983B /* Base */,
			);
			name = Main.storyboard;
			sourceTree = "<group>";
		};
		A586DED128EB952C0006983B /* LaunchScreen.storyboard */ = {
			isa = PBXVariantGroup;
			children = (
				A586DED228EB952C0006983B /* Base */,
			);
			name = LaunchScreen.storyboard;
			sourceTree = "<group>";
		};
/* End PBXVariantGroup section */

/* Begin XCBuildConfiguration section */
		A586DED528EB952C0006983B /* Debug */ = {
			isa = XCBuildConfiguration;
			buildSettings = {
				ALWAYS_SEARCH_USER_PATHS = NO;
				CLANG_ANALYZER_NONNULL = YES;
				CLANG_ANALYZER_NUMBER_OBJECT_CONVERSION = YES_AGGRESSIVE;
				CLANG_CXX_LANGUAGE_STANDARD = "gnu++20";
				CLANG_ENABLE_MODULES = YES;
				CLANG_ENABLE_OBJC_ARC = YES;
				CLANG_ENABLE_OBJC_WEAK = YES;
				CLANG_WARN_BLOCK_CAPTURE_AUTORELEASING = YES;
				CLANG_WARN_BOOL_CONVERSION = YES;
				CLANG_WARN_COMMA = YES;
				CLANG_WARN_CONSTANT_CONVERSION = YES;
				CLANG_WARN_DEPRECATED_OBJC_IMPLEMENTATIONS = YES;
				CLANG_WARN_DIRECT_OBJC_ISA_USAGE = YES_ERROR;
				CLANG_WARN_DOCUMENTATION_COMMENTS = YES;
				CLANG_WARN_EMPTY_BODY = YES;
				CLANG_WARN_ENUM_CONVERSION = YES;
				CLANG_WARN_INFINITE_RECURSION = YES;
				CLANG_WARN_INT_CONVERSION = YES;
				CLANG_WARN_NON_LITERAL_NULL_CONVERSION = YES;
				CLANG_WARN_OBJC_IMPLICIT_RETAIN_SELF = YES;
				CLANG_WARN_OBJC_LITERAL_CONVERSION = YES;
				CLANG_WARN_OBJC_ROOT_CLASS = YES_ERROR;
				CLANG_WARN_QUOTED_INCLUDE_IN_FRAMEWORK_HEADER = YES;
				CLANG_WARN_RANGE_LOOP_ANALYSIS = YES;
				CLANG_WARN_STRICT_PROTOTYPES = YES;
				CLANG_WARN_SUSPICIOUS_MOVE = YES;
				CLANG_WARN_UNGUARDED_AVAILABILITY = YES_AGGRESSIVE;
				CLANG_WARN_UNREACHABLE_CODE = YES;
				CLANG_WARN__DUPLICATE_METHOD_MATCH = YES;
				COPY_PHASE_STRIP = NO;
				DEBUG_INFORMATION_FORMAT = dwarf;
				ENABLE_STRICT_OBJC_MSGSEND = YES;
				ENABLE_TESTABILITY = YES;
				GCC_C_LANGUAGE_STANDARD = gnu11;
				GCC_DYNAMIC_NO_PIC = NO;
				GCC_NO_COMMON_BLOCKS = YES;
				GCC_OPTIMIZATION_LEVEL = 0;
				GCC_PREPROCESSOR_DEFINITIONS = (
					"DEBUG=1",
					"$(inherited)",
				);
				GCC_WARN_64_TO_32_BIT_CONVERSION = YES;
				GCC_WARN_ABOUT_RETURN_TYPE = YES_ERROR;
				GCC_WARN_UNDECLARED_SELECTOR = YES;
				GCC_WARN_UNINITIALIZED_AUTOS = YES_AGGRESSIVE;
				GCC_WARN_UNUSED_FUNCTION = YES;
				GCC_WARN_UNUSED_VARIABLE = YES;
				IPHONEOS_DEPLOYMENT_TARGET = 16.0;
				MTL_ENABLE_DEBUG_INFO = INCLUDE_SOURCE;
				MTL_FAST_MATH = YES;
				ONLY_ACTIVE_ARCH = YES;
				SDKROOT = iphoneos;
				SWIFT_ACTIVE_COMPILATION_CONDITIONS = DEBUG;
				SWIFT_OPTIMIZATION_LEVEL = "-Onone";
			};
			name = Debug;
		};
		A586DED628EB952C0006983B /* Release */ = {
			isa = XCBuildConfiguration;
			buildSettings = {
				ALWAYS_SEARCH_USER_PATHS = NO;
				CLANG_ANALYZER_NONNULL = YES;
				CLANG_ANALYZER_NUMBER_OBJECT_CONVERSION = YES_AGGRESSIVE;
				CLANG_CXX_LANGUAGE_STANDARD = "gnu++20";
				CLANG_ENABLE_MODULES = YES;
				CLANG_ENABLE_OBJC_ARC = YES;
				CLANG_ENABLE_OBJC_WEAK = YES;
				CLANG_WARN_BLOCK_CAPTURE_AUTORELEASING = YES;
				CLANG_WARN_BOOL_CONVERSION = YES;
				CLANG_WARN_COMMA = YES;
				CLANG_WARN_CONSTANT_CONVERSION = YES;
				CLANG_WARN_DEPRECATED_OBJC_IMPLEMENTATIONS = YES;
				CLANG_WARN_DIRECT_OBJC_ISA_USAGE = YES_ERROR;
				CLANG_WARN_DOCUMENTATION_COMMENTS = YES;
				CLANG_WARN_EMPTY_BODY = YES;
				CLANG_WARN_ENUM_CONVERSION = YES;
				CLANG_WARN_INFINITE_RECURSION = YES;
				CLANG_WARN_INT_CONVERSION = YES;
				CLANG_WARN_NON_LITERAL_NULL_CONVERSION = YES;
				CLANG_WARN_OBJC_IMPLICIT_RETAIN_SELF = YES;
				CLANG_WARN_OBJC_LITERAL_CONVERSION = YES;
				CLANG_WARN_OBJC_ROOT_CLASS = YES_ERROR;
				CLANG_WARN_QUOTED_INCLUDE_IN_FRAMEWORK_HEADER = YES;
				CLANG_WARN_RANGE_LOOP_ANALYSIS = YES;
				CLANG_WARN_STRICT_PROTOTYPES = YES;
				CLANG_WARN_SUSPICIOUS_MOVE = YES;
				CLANG_WARN_UNGUARDED_AVAILABILITY = YES_AGGRESSIVE;
				CLANG_WARN_UNREACHABLE_CODE = YES;
				CLANG_WARN__DUPLICATE_METHOD_MATCH = YES;
				COPY_PHASE_STRIP = NO;
				DEBUG_INFORMATION_FORMAT = "dwarf-with-dsym";
				ENABLE_NS_ASSERTIONS = NO;
				ENABLE_STRICT_OBJC_MSGSEND = YES;
				GCC_C_LANGUAGE_STANDARD = gnu11;
				GCC_NO_COMMON_BLOCKS = YES;
				GCC_WARN_64_TO_32_BIT_CONVERSION = YES;
				GCC_WARN_ABOUT_RETURN_TYPE = YES_ERROR;
				GCC_WARN_UNDECLARED_SELECTOR = YES;
				GCC_WARN_UNINITIALIZED_AUTOS = YES_AGGRESSIVE;
				GCC_WARN_UNUSED_FUNCTION = YES;
				GCC_WARN_UNUSED_VARIABLE = YES;
				IPHONEOS_DEPLOYMENT_TARGET = 16.0;
				MTL_ENABLE_DEBUG_INFO = NO;
				MTL_FAST_MATH = YES;
				SDKROOT = iphoneos;
				SWIFT_COMPILATION_MODE = wholemodule;
				SWIFT_OPTIMIZATION_LEVEL = "-O";
				VALIDATE_PRODUCT = YES;
			};
			name = Release;
		};
		A586DED828EB952C0006983B /* Debug */ = {
			isa = XCBuildConfiguration;
			buildSettings = {
				ASSETCATALOG_COMPILER_APPICON_NAME = AppIcon;
				ASSETCATALOG_COMPILER_GLOBAL_ACCENT_COLOR_NAME = AccentColor;
				CODE_SIGN_STYLE = Automatic;
				CURRENT_PROJECT_VERSION = 1;
				DEVELOPMENT_TEAM = H32J47ML7Z;
				GENERATE_INFOPLIST_FILE = YES;
				INFOPLIST_FILE = YouTubeAPI/Info.plist;
				INFOPLIST_KEY_UIApplicationSupportsIndirectInputEvents = YES;
				INFOPLIST_KEY_UILaunchStoryboardName = LaunchScreen;
				INFOPLIST_KEY_UIMainStoryboardFile = Main;
				INFOPLIST_KEY_UISupportedInterfaceOrientations_iPad = "UIInterfaceOrientationPortrait UIInterfaceOrientationPortraitUpsideDown UIInterfaceOrientationLandscapeLeft UIInterfaceOrientationLandscapeRight";
				INFOPLIST_KEY_UISupportedInterfaceOrientations_iPhone = "UIInterfaceOrientationPortrait UIInterfaceOrientationLandscapeLeft UIInterfaceOrientationLandscapeRight";
				LD_RUNPATH_SEARCH_PATHS = (
					"$(inherited)",
					"@executable_path/Frameworks",
				);
				MARKETING_VERSION = 1.0;
				PRODUCT_BUNDLE_IDENTIFIER = com.example.YouTubeAPI;
				PRODUCT_NAME = "$(TARGET_NAME)";
				SWIFT_EMIT_LOC_STRINGS = YES;
				SWIFT_VERSION = 5.0;
				TARGETED_DEVICE_FAMILY = "1,2";
			};
			name = Debug;
		};
		A586DED928EB952C0006983B /* Release */ = {
			isa = XCBuildConfiguration;
			buildSettings = {
				ASSETCATALOG_COMPILER_APPICON_NAME = AppIcon;
				ASSETCATALOG_COMPILER_GLOBAL_ACCENT_COLOR_NAME = AccentColor;
				CODE_SIGN_STYLE = Automatic;
				CURRENT_PROJECT_VERSION = 1;
				DEVELOPMENT_TEAM = H32J47ML7Z;
				GENERATE_INFOPLIST_FILE = YES;
				INFOPLIST_FILE = YouTubeAPI/Info.plist;
				INFOPLIST_KEY_UIApplicationSupportsIndirectInputEvents = YES;
				INFOPLIST_KEY_UILaunchStoryboardName = LaunchScreen;
				INFOPLIST_KEY_UIMainStoryboardFile = Main;
				INFOPLIST_KEY_UISupportedInterfaceOrientations_iPad = "UIInterfaceOrientationPortrait UIInterfaceOrientationPortraitUpsideDown UIInterfaceOrientationLandscapeLeft UIInterfaceOrientationLandscapeRight";
				INFOPLIST_KEY_UISupportedInterfaceOrientations_iPhone = "UIInterfaceOrientationPortrait UIInterfaceOrientationLandscapeLeft UIInterfaceOrientationLandscapeRight";
				LD_RUNPATH_SEARCH_PATHS = (
					"$(inherited)",
					"@executable_path/Frameworks",
				);
				MARKETING_VERSION = 1.0;
				PRODUCT_BUNDLE_IDENTIFIER = com.example.YouTubeAPI;
				PRODUCT_NAME = "$(TARGET_NAME)";
				SWIFT_EMIT_LOC_STRINGS = YES;
				SWIFT_VERSION = 5.0;
				TARGETED_DEVICE_FAMILY = "1,2";
			};
			name = Release;
		};
/* End XCBuildConfiguration section */

/* Begin XCConfigurationList section */
		A586DEBE28EB95270006983B /* Build configuration list for PBXProject "YouTubeAPI" */ = {
			isa = XCConfigurationList;
			buildConfigurations = (
				A586DED528EB952C0006983B /* Debug */,
				A586DED628EB952C0006983B /* Release */,
			);
			defaultConfigurationIsVisible = 0;
			defaultConfigurationName = Release;
		};
		A586DED728EB952C0006983B /* Build configuration list for PBXNativeTarget "YouTubeAPI" */ = {
			isa = XCConfigurationList;
			buildConfigurations = (
				A586DED828EB952C0006983B /* Debug */,
				A586DED928EB952C0006983B /* Release */,
			);
			defaultConfigurationIsVisible = 0;
			defaultConfigurationName = Release;
		};
/* End XCConfigurationList section */
	};
	rootObject = A586DEBB28EB95270006983B /* Project object */;
}
